
Microsoft Visual Studio Solution File, Format Version 12.00
Project("{2150E333-8FDC-42A3-9474-1A3956D46DE8}") = "Src", "Src", "{2D4B32EC-C51A-4E44-AA68-E34DECFB41CF}"
EndProject
Project("{2150E333-8FDC-42A3-9474-1A3956D46DE8}") = "Tests", "Tests", "{AFE0CD65-6FEB-49A3-8505-AD38AA16E752}"
EndProject
Project("{FAE04EC0-301F-11D3-BF4B-00C04F79EFBC}") = "MrCoto.Ca.Domain", "MrCoto.Ca.Domain\MrCoto.Ca.Domain.csproj", "{49E1FDD9-00F0-46EC-B72F-B55E21CCE1B2}"
EndProject
Project("{FAE04EC0-301F-11D3-BF4B-00C04F79EFBC}") = "MrCoto.Ca.Application", "MrCoto.Ca.Application\MrCoto.Ca.Application.csproj", "{74011865-E453-4304-B6EF-5EE8AE3A59D8}"
EndProject
Project("{FAE04EC0-301F-11D3-BF4B-00C04F79EFBC}") = "MrCoto.Ca.ApplicationTests", "MrCoto.Ca.ApplicationTests\MrCoto.Ca.ApplicationTests.csproj", "{71ACF1EB-99F1-4A73-9E0F-ED72575208F6}"
EndProject
Project("{FAE04EC0-301F-11D3-BF4B-00C04F79EFBC}") = "MrCoto.Ca.Infrastructure", "MrCoto.Ca.Infrastructure\MrCoto.Ca.Infrastructure.csproj", "{662AB57B-D622-4D2D-BCE3-2782D15525F5}"
EndProject
Project("{FAE04EC0-301F-11D3-BF4B-00C04F79EFBC}") = "MrCoto.Ca.WebApi", "MrCoto.Ca.WebApi\MrCoto.Ca.WebApi.csproj", "{C4A9C0E2-000B-4CFE-B2A2-735D2EDADA4C}"
EndProject
Project("{FAE04EC0-301F-11D3-BF4B-00C04F79EFBC}") = "MrCoto.Ca.WebApiTests", "MrCoto.Ca.WebApiTests\MrCoto.Ca.WebApiTests.csproj", "{043B140D-3611-456A-A2CF-8FE7F237D498}"
EndProject
Global
	GlobalSection(SolutionConfigurationPlatforms) = preSolution
		Debug|Any CPU = Debug|Any CPU
		Release|Any CPU = Release|Any CPU
	EndGlobalSection
	GlobalSection(NestedProjects) = preSolution
		{49E1FDD9-00F0-46EC-B72F-B55E21CCE1B2} = {2D4B32EC-C51A-4E44-AA68-E34DECFB41CF}
		{74011865-E453-4304-B6EF-5EE8AE3A59D8} = {2D4B32EC-C51A-4E44-AA68-E34DECFB41CF}
		{71ACF1EB-99F1-4A73-9E0F-ED72575208F6} = {AFE0CD65-6FEB-49A3-8505-AD38AA16E752}
		{662AB57B-D622-4D2D-BCE3-2782D15525F5} = {2D4B32EC-C51A-4E44-AA68-E34DECFB41CF}
		{C4A9C0E2-000B-4CFE-B2A2-735D2EDADA4C} = {2D4B32EC-C51A-4E44-AA68-E34DECFB41CF}
		{043B140D-3611-456A-A2CF-8FE7F237D498} = {AFE0CD65-6FEB-49A3-8505-AD38AA16E752}
	EndGlobalSection
	GlobalSection(ProjectConfigurationPlatforms) = postSolution
		{49E1FDD9-00F0-46EC-B72F-B55E21CCE1B2}.Debug|Any CPU.ActiveCfg = Debug|Any CPU
		{49E1FDD9-00F0-46EC-B72F-B55E21CCE1B2}.Debug|Any CPU.Build.0 = Debug|Any CPU
		{49E1FDD9-00F0-46EC-B72F-B55E21CCE1B2}.Release|Any CPU.ActiveCfg = Release|Any CPU
		{49E1FDD9-00F0-46EC-B72F-B55E21CCE1B2}.Release|Any CPU.Build.0 = Release|Any CPU
		{74011865-E453-4304-B6EF-5EE8AE3A59D8}.Debug|Any CPU.ActiveCfg = Debug|Any CPU
		{74011865-E453-4304-B6EF-5EE8AE3A59D8}.Debug|Any CPU.Build.0 = Debug|Any CPU
		{74011865-E453-4304-B6EF-5EE8AE3A59D8}.Release|Any CPU.ActiveCfg = Release|Any CPU
		{74011865-E453-4304-B6EF-5EE8AE3A59D8}.Release|Any CPU.Build.0 = Release|Any CPU
		{71ACF1EB-99F1-4A73-9E0F-ED72575208F6}.Debug|Any CPU.ActiveCfg = Debug|Any CPU
		{71ACF1EB-99F1-4A73-9E0F-ED72575208F6}.Debug|Any CPU.Build.0 = Debug|Any CPU
		{71ACF1EB-99F1-4A73-9E0F-ED72575208F6}.Release|Any CPU.ActiveCfg = Release|Any CPU
		{71ACF1EB-99F1-4A73-9E0F-ED72575208F6}.Release|Any CPU.Build.0 = Release|Any CPU
		{662AB57B-D622-4D2D-BCE3-2782D15525F5}.Debug|Any CPU.ActiveCfg = Debug|Any CPU
		{662AB57B-D622-4D2D-BCE3-2782D15525F5}.Debug|Any CPU.Build.0 = Debug|Any CPU
		{662AB57B-D622-4D2D-BCE3-2782D15525F5}.Release|Any CPU.ActiveCfg = Release|Any CPU
		{662AB57B-D622-4D2D-BCE3-2782D15525F5}.Release|Any CPU.Build.0 = Release|Any CPU
		{C4A9C0E2-000B-4CFE-B2A2-735D2EDADA4C}.Debug|Any CPU.ActiveCfg = Debug|Any CPU
		{C4A9C0E2-000B-4CFE-B2A2-735D2EDADA4C}.Debug|Any CPU.Build.0 = Debug|Any CPU
		{C4A9C0E2-000B-4CFE-B2A2-735D2EDADA4C}.Release|Any CPU.ActiveCfg = Release|Any CPU
		{C4A9C0E2-000B-4CFE-B2A2-735D2EDADA4C}.Release|Any CPU.Build.0 = Release|Any CPU
		{043B140D-3611-456A-A2CF-8FE7F237D498}.Debug|Any CPU.ActiveCfg = Debug|Any CPU
		{043B140D-3611-456A-A2CF-8FE7F237D498}.Debug|Any CPU.Build.0 = Debug|Any CPU
		{043B140D-3611-456A-A2CF-8FE7F237D498}.Release|Any CPU.ActiveCfg = Release|Any CPU
		{043B140D-3611-456A-A2CF-8FE7F237D498}.Release|Any CPU.Build.0 = Release|Any CPU
	EndGlobalSection
EndGlobal
